{
  "pins" : [
    {
      "identity" : "highlightedtexteditor",
      "kind" : "remoteSourceControl",
      "location" : "https://github.com/kyle-n/HighlightedTextEditor",
      "state" : {
        "revision" : "7069ede002afc6bde867aef7035f45ff72dc839c",
        "version" : "2.1.0"
      }
    },
    {
      "identity" : "ink",
      "kind" : "remoteSourceControl",
      "location" : "https://github.com/JohnSundell/Ink",
      "state" : {
        "revision" : "77c3d8953374a9cf5418ef0bd7108524999de85a",
        "version" : "0.5.1"
      }
    },
    {
      "identity" : "swiftui-introspect",
      "kind" : "remoteSourceControl",
      "location" : "https://github.com/siteline/SwiftUI-Introspect",
      "state" : {
        "revision" : "f2616860a41f9d9932da412a8978fec79c06fe24",
        "version" : "0.1.4"
      }
    }
  ],
  "version" : 2
}
