// !$*UTF8*$!
{
	archiveVersion = 1;
	classes = {
	};
	objectVersion = 54;
	objects = {

/* Begin PBXBuildFile section */
		683D922726B0F48200E5EF82 /* WebView.swift in Sources */ = {isa = PBXBuildFile; fileRef = 683D922626B0F48200E5EF82 /* WebView.swift */; };
		683D922A26B107EB00E5EF82 /* Introspect in Frameworks */ = {isa = PBXBuildFile; productRef = 683D922926B107EB00E5EF82 /* Introspect */; };
		684C9BF226C5D15B00D8CDC7 /* Credits.rtf in Resources */ = {isa = PBXBuildFile; fileRef = 684C9BF126C5D15B00D8CDC7 /* Credits.rtf */; };
		68871BA826B0B3750001421E /* ConscriptorApp.swift in Sources */ = {isa = PBXBuildFile; fileRef = 68871BA726B0B3750001421E /* ConscriptorApp.swift */; };
		68871BAA26B0B3750001421E /* ConscriptorDocument.swift in Sources */ = {isa = PBXBuildFile; fileRef = 68871BA926B0B3750001421E /* ConscriptorDocument.swift */; };
		68871BAC26B0B3750001421E /* MarkdownEditorView.swift in Sources */ = {isa = PBXBuildFile; fileRef = 68871BAB26B0B3750001421E /* MarkdownEditorView.swift */; };
		68871BAE26B0B3770001421E /* Assets.xcassets in Resources */ = {isa = PBXBuildFile; fileRef = 68871BAD26B0B3770001421E /* Assets.xcassets */; };
		68871BB126B0B3770001421E /* Preview Assets.xcassets in Resources */ = {isa = PBXBuildFile; fileRef = 68871BB026B0B3770001421E /* Preview Assets.xcassets */; };
		D5158F2A27EC0D89008B7C92 /* ViewSnapshot.swift in Sources */ = {isa = PBXBuildFile; fileRef = D5158F2927EC0D89008B7C92 /* ViewSnapshot.swift */; };
		D51B6297270F692800DAC0C6 /* MarkdownEditorToolbar.swift in Sources */ = {isa = PBXBuildFile; fileRef = D51B6296270F692800DAC0C6 /* MarkdownEditorToolbar.swift */; };
		D53C190A26E0CF3100E7934B /* HighlightedTextEditor in Frameworks */ = {isa = PBXBuildFile; productRef = D53C190926E0CF3100E7934B /* HighlightedTextEditor */; };
		D56601FD26EB3F3D0071C6E3 /* StringSubscriptExtension.swift in Sources */ = {isa = PBXBuildFile; fileRef = D56601FC26EB3F3D0071C6E3 /* StringSubscriptExtension.swift */; };
		D56D04CD27BDCCBE001A21B7 /* MarkdownEditorDelegate.swift in Sources */ = {isa = PBXBuildFile; fileRef = D56D04CC27BDCCBE001A21B7 /* MarkdownEditorDelegate.swift */; };
		D576840926E0A18700E2A12B /* github-light.css in Resources */ = {isa = PBXBuildFile; fileRef = D576840826E0A18700E2A12B /* github-light.css */; };
		D576840D26E0ACCF00E2A12B /* IntrospectExtension.swift in Sources */ = {isa = PBXBuildFile; fileRef = D576840C26E0ACCF00E2A12B /* IntrospectExtension.swift */; };
		D585951E273FAA3C0017586F /* Ink in Frameworks */ = {isa = PBXBuildFile; productRef = D585951D273FAA3C0017586F /* Ink */; };
		D5989BA626F45E5D00D9E496 /* NotificationName+MarkdownEditorView.swift in Sources */ = {isa = PBXBuildFile; fileRef = D5989BA526F45E5D00D9E496 /* NotificationName+MarkdownEditorView.swift */; };
		D5A5B89C27EA835300741D3F /* SaveTemplateSheet.swift in Sources */ = {isa = PBXBuildFile; fileRef = D5A5B89B27EA835300741D3F /* SaveTemplateSheet.swift */; };
		D5A5B89E27EA837E00741D3F /* InsertLinkSheet.swift in Sources */ = {isa = PBXBuildFile; fileRef = D5A5B89D27EA837E00741D3F /* InsertLinkSheet.swift */; };
		D5A5B8A027EA838A00741D3F /* InsertImageSheet.swift in Sources */ = {isa = PBXBuildFile; fileRef = D5A5B89F27EA838A00741D3F /* InsertImageSheet.swift */; };
		D5AA1FFA27ADE54500DB2EE1 /* TemplateView.swift in Sources */ = {isa = PBXBuildFile; fileRef = D5AA1FF927ADE54500DB2EE1 /* TemplateView.swift */; };
		D5AA1FFE27ADE7BC00DB2EE1 /* UserTemplate.xcdatamodeld in Sources */ = {isa = PBXBuildFile; fileRef = D5AA1FFC27ADE7BC00DB2EE1 /* UserTemplate.xcdatamodeld */; };
		D5AA200027ADE80900DB2EE1 /* Persistence.swift in Sources */ = {isa = PBXBuildFile; fileRef = D5AA1FFF27ADE80900DB2EE1 /* Persistence.swift */; };
		D5AA200227ADEA5300DB2EE1 /* OSLogExtension.swift in Sources */ = {isa = PBXBuildFile; fileRef = D5AA200127ADEA5300DB2EE1 /* OSLogExtension.swift */; };
		D5AA200427ADF57100DB2EE1 /* NotificationName+Persistence.swift in Sources */ = {isa = PBXBuildFile; fileRef = D5AA200327ADF57100DB2EE1 /* NotificationName+Persistence.swift */; };
		D5B3E0482705206600A912E2 /* github-dark.css in Resources */ = {isa = PBXBuildFile; fileRef = D5B3E0472705206600A912E2 /* github-dark.css */; };
		D5CE033226F3F9B000CB86E5 /* MarkdownFormatter.swift in Sources */ = {isa = PBXBuildFile; fileRef = D5CE033126F3F9B000CB86E5 /* MarkdownFormatter.swift */; };
		D5CE033426F4314E00CB86E5 /* MarkdownEditorController.swift in Sources */ = {isa = PBXBuildFile; fileRef = D5CE033326F4314E00CB86E5 /* MarkdownEditorController.swift */; };
		D5D6747726F1C3F000871617 /* CMarkdown.swift in Sources */ = {isa = PBXBuildFile; fileRef = D5D6747626F1C3F000871617 /* CMarkdown.swift */; };
		D5D903DB278859AB00EC7B85 /* Template.swift in Sources */ = {isa = PBXBuildFile; fileRef = D5D903DA278859AB00EC7B85 /* Template.swift */; };
		D5D903DF2789200300EC7B85 /* TemplateGridView.swift in Sources */ = {isa = PBXBuildFile; fileRef = D5D903DE2789200300EC7B85 /* TemplateGridView.swift */; };
		D5F031A427881C2B007A55C2 /* OpenTemplateView.swift in Sources */ = {isa = PBXBuildFile; fileRef = D5F031A327881C2B007A55C2 /* OpenTemplateView.swift */; };
/* End PBXBuildFile section */

/* Begin PBXCopyFilesBuildPhase section */
		D5E3A3B727E30C81006942D6 /* Embed App Extensions */ = {
			isa = PBXCopyFilesBuildPhase;
			buildActionMask = 2147483647;
			dstPath = "";
			dstSubfolderSpec = 13;
			files = (
			);
			name = "Embed App Extensions";
			runOnlyForDeploymentPostprocessing = 0;
		};
/* End PBXCopyFilesBuildPhase section */

/* Begin PBXFileReference section */
		683D922626B0F48200E5EF82 /* WebView.swift */ = {isa = PBXFileReference; lastKnownFileType = sourcecode.swift; path = WebView.swift; sourceTree = "<group>"; };
		684C9BF126C5D15B00D8CDC7 /* Credits.rtf */ = {isa = PBXFileReference; fileEncoding = 4; lastKnownFileType = text.rtf; path = Credits.rtf; sourceTree = "<group>"; };
		68871BA426B0B3750001421E /* Conscriptor.app */ = {isa = PBXFileReference; explicitFileType = wrapper.application; includeInIndex = 0; path = Conscriptor.app; sourceTree = BUILT_PRODUCTS_DIR; };
		68871BA726B0B3750001421E /* ConscriptorApp.swift */ = {isa = PBXFileReference; lastKnownFileType = sourcecode.swift; path = ConscriptorApp.swift; sourceTree = "<group>"; };
		68871BA926B0B3750001421E /* ConscriptorDocument.swift */ = {isa = PBXFileReference; lastKnownFileType = sourcecode.swift; path = ConscriptorDocument.swift; sourceTree = "<group>"; };
		68871BAB26B0B3750001421E /* MarkdownEditorView.swift */ = {isa = PBXFileReference; lastKnownFileType = sourcecode.swift; path = MarkdownEditorView.swift; sourceTree = "<group>"; };
		68871BAD26B0B3770001421E /* Assets.xcassets */ = {isa = PBXFileReference; lastKnownFileType = folder.assetcatalog; path = Assets.xcassets; sourceTree = "<group>"; };
		68871BB026B0B3770001421E /* Preview Assets.xcassets */ = {isa = PBXFileReference; lastKnownFileType = folder.assetcatalog; path = "Preview Assets.xcassets"; sourceTree = "<group>"; };
		68871BB226B0B3770001421E /* Info.plist */ = {isa = PBXFileReference; lastKnownFileType = text.plist.xml; path = Info.plist; sourceTree = "<group>"; };
		68871BB326B0B3770001421E /* Conscriptor.entitlements */ = {isa = PBXFileReference; lastKnownFileType = text.plist.entitlements; path = Conscriptor.entitlements; sourceTree = "<group>"; };
		D5158F2927EC0D89008B7C92 /* ViewSnapshot.swift */ = {isa = PBXFileReference; lastKnownFileType = sourcecode.swift; path = ViewSnapshot.swift; sourceTree = "<group>"; };
		D51B6296270F692800DAC0C6 /* MarkdownEditorToolbar.swift */ = {isa = PBXFileReference; lastKnownFileType = sourcecode.swift; path = MarkdownEditorToolbar.swift; sourceTree = "<group>"; };
		D56601FC26EB3F3D0071C6E3 /* StringSubscriptExtension.swift */ = {isa = PBXFileReference; lastKnownFileType = sourcecode.swift; path = StringSubscriptExtension.swift; sourceTree = "<group>"; };
		D56D04CC27BDCCBE001A21B7 /* MarkdownEditorDelegate.swift */ = {isa = PBXFileReference; lastKnownFileType = sourcecode.swift; path = MarkdownEditorDelegate.swift; sourceTree = "<group>"; };
		D576840826E0A18700E2A12B /* github-light.css */ = {isa = PBXFileReference; fileEncoding = 4; lastKnownFileType = text.css; path = "github-light.css"; sourceTree = "<group>"; };
		D576840C26E0ACCF00E2A12B /* IntrospectExtension.swift */ = {isa = PBXFileReference; lastKnownFileType = sourcecode.swift; path = IntrospectExtension.swift; sourceTree = "<group>"; };
		D5989BA526F45E5D00D9E496 /* NotificationName+MarkdownEditorView.swift */ = {isa = PBXFileReference; lastKnownFileType = sourcecode.swift; path = "NotificationName+MarkdownEditorView.swift"; sourceTree = "<group>"; };
		D5A5B89B27EA835300741D3F /* SaveTemplateSheet.swift */ = {isa = PBXFileReference; lastKnownFileType = sourcecode.swift; path = SaveTemplateSheet.swift; sourceTree = "<group>"; };
		D5A5B89D27EA837E00741D3F /* InsertLinkSheet.swift */ = {isa = PBXFileReference; lastKnownFileType = sourcecode.swift; path = InsertLinkSheet.swift; sourceTree = "<group>"; };
		D5A5B89F27EA838A00741D3F /* InsertImageSheet.swift */ = {isa = PBXFileReference; lastKnownFileType = sourcecode.swift; path = InsertImageSheet.swift; sourceTree = "<group>"; };
		D5AA1FF927ADE54500DB2EE1 /* TemplateView.swift */ = {isa = PBXFileReference; lastKnownFileType = sourcecode.swift; path = TemplateView.swift; sourceTree = "<group>"; };
		D5AA1FFD27ADE7BC00DB2EE1 /* UserTemplate.xcdatamodel */ = {isa = PBXFileReference; lastKnownFileType = wrapper.xcdatamodel; path = UserTemplate.xcdatamodel; sourceTree = "<group>"; };
		D5AA1FFF27ADE80900DB2EE1 /* Persistence.swift */ = {isa = PBXFileReference; lastKnownFileType = sourcecode.swift; path = Persistence.swift; sourceTree = "<group>"; };
		D5AA200127ADEA5300DB2EE1 /* OSLogExtension.swift */ = {isa = PBXFileReference; lastKnownFileType = sourcecode.swift; path = OSLogExtension.swift; sourceTree = "<group>"; };
		D5AA200327ADF57100DB2EE1 /* NotificationName+Persistence.swift */ = {isa = PBXFileReference; lastKnownFileType = sourcecode.swift; path = "NotificationName+Persistence.swift"; sourceTree = "<group>"; };
		D5B3E0472705206600A912E2 /* github-dark.css */ = {isa = PBXFileReference; fileEncoding = 4; lastKnownFileType = text.css; path = "github-dark.css"; sourceTree = "<group>"; };
		D5CE033126F3F9B000CB86E5 /* MarkdownFormatter.swift */ = {isa = PBXFileReference; lastKnownFileType = sourcecode.swift; path = MarkdownFormatter.swift; sourceTree = "<group>"; };
		D5CE033326F4314E00CB86E5 /* MarkdownEditorController.swift */ = {isa = PBXFileReference; lastKnownFileType = sourcecode.swift; path = MarkdownEditorController.swift; sourceTree = "<group>"; };
		D5D6747626F1C3F000871617 /* CMarkdown.swift */ = {isa = PBXFileReference; lastKnownFileType = sourcecode.swift; path = CMarkdown.swift; sourceTree = "<group>"; };
		D5D903DA278859AB00EC7B85 /* Template.swift */ = {isa = PBXFileReference; lastKnownFileType = sourcecode.swift; path = Template.swift; sourceTree = "<group>"; };
		D5D903DE2789200300EC7B85 /* TemplateGridView.swift */ = {isa = PBXFileReference; lastKnownFileType = sourcecode.swift; path = TemplateGridView.swift; sourceTree = "<group>"; };
		D5E3A3A827E30C81006942D6 /* Quartz.framework */ = {isa = PBXFileReference; lastKnownFileType = wrapper.framework; name = Quartz.framework; path = System/Library/Frameworks/Quartz.framework; sourceTree = SDKROOT; };
		D5F031A327881C2B007A55C2 /* OpenTemplateView.swift */ = {isa = PBXFileReference; lastKnownFileType = sourcecode.swift; path = OpenTemplateView.swift; sourceTree = "<group>"; };
/* End PBXFileReference section */

/* Begin PBXFrameworksBuildPhase section */
		68871BA126B0B3750001421E /* Frameworks */ = {
			isa = PBXFrameworksBuildPhase;
			buildActionMask = 2147483647;
			files = (
				D585951E273FAA3C0017586F /* Ink in Frameworks */,
				D53C190A26E0CF3100E7934B /* HighlightedTextEditor in Frameworks */,
				683D922A26B107EB00E5EF82 /* Introspect in Frameworks */,
			);
			runOnlyForDeploymentPostprocessing = 0;
		};
/* End PBXFrameworksBuildPhase section */

/* Begin PBXGroup section */
		68871B9B26B0B3750001421E = {
			isa = PBXGroup;
			children = (
				68871BA626B0B3750001421E /* Conscriptor */,
				D5E3A3A727E30C81006942D6 /* Frameworks */,
				68871BA526B0B3750001421E /* Products */,
			);
			sourceTree = "<group>";
		};
		68871BA526B0B3750001421E /* Products */ = {
			isa = PBXGroup;
			children = (
				68871BA426B0B3750001421E /* Conscriptor.app */,
			);
			name = Products;
			sourceTree = "<group>";
		};
		68871BA626B0B3750001421E /* Conscriptor */ = {
			isa = PBXGroup;
			children = (
				D5989BA126F45BE400D9E496 /* Models */,
				D5989BA026F45BBA00D9E496 /* Views */,
				D5989BA226F45BEF00D9E496 /* Controllers */,
				D5989BA326F45C0000D9E496 /* Extensions */,
				D5989BA426F45C1600D9E496 /* Resources */,
				68871BA726B0B3750001421E /* ConscriptorApp.swift */,
				68871BAD26B0B3770001421E /* Assets.xcassets */,
				68871BB226B0B3770001421E /* Info.plist */,
				684C9BF126C5D15B00D8CDC7 /* Credits.rtf */,
				68871BB326B0B3770001421E /* Conscriptor.entitlements */,
				68871BAF26B0B3770001421E /* Preview Content */,
			);
			path = Conscriptor;
			sourceTree = "<group>";
		};
		68871BAF26B0B3770001421E /* Preview Content */ = {
			isa = PBXGroup;
			children = (
				68871BB026B0B3770001421E /* Preview Assets.xcassets */,
			);
			path = "Preview Content";
			sourceTree = "<group>";
		};
		D5989BA026F45BBA00D9E496 /* Views */ = {
			isa = PBXGroup;
			children = (
				D5F0319E278813E6007A55C2 /* Editor */,
				D5F031A227881C0D007A55C2 /* Templates */,
				D5F0319F278813EF007A55C2 /* Web */,
			);
			path = Views;
			sourceTree = "<group>";
		};
		D5989BA126F45BE400D9E496 /* Models */ = {
			isa = PBXGroup;
			children = (
				D5D6747626F1C3F000871617 /* CMarkdown.swift */,
				D5AA1FF827ADE52800DB2EE1 /* Documents */,
				D5AA1FFB27ADE7AB00DB2EE1 /* Templates */,
			);
			path = Models;
			sourceTree = "<group>";
		};
		D5989BA226F45BEF00D9E496 /* Controllers */ = {
			isa = PBXGroup;
			children = (
				D5AA1FF527ADE4C100DB2EE1 /* Markdown */,
				D5AA1FFF27ADE80900DB2EE1 /* Persistence.swift */,
			);
			path = Controllers;
			sourceTree = "<group>";
		};
		D5989BA326F45C0000D9E496 /* Extensions */ = {
			isa = PBXGroup;
			children = (
				D5989BA726F45EC000D9E496 /* Notifications */,
				D56601FC26EB3F3D0071C6E3 /* StringSubscriptExtension.swift */,
				D576840C26E0ACCF00E2A12B /* IntrospectExtension.swift */,
				D5AA200127ADEA5300DB2EE1 /* OSLogExtension.swift */,
				D5158F2927EC0D89008B7C92 /* ViewSnapshot.swift */,
			);
			path = Extensions;
			sourceTree = "<group>";
		};
		D5989BA426F45C1600D9E496 /* Resources */ = {
			isa = PBXGroup;
			children = (
				D576840826E0A18700E2A12B /* github-light.css */,
				D5B3E0472705206600A912E2 /* github-dark.css */,
			);
			path = Resources;
			sourceTree = "<group>";
		};
		D5989BA726F45EC000D9E496 /* Notifications */ = {
			isa = PBXGroup;
			children = (
				D5989BA526F45E5D00D9E496 /* NotificationName+MarkdownEditorView.swift */,
				D5AA200327ADF57100DB2EE1 /* NotificationName+Persistence.swift */,
			);
			path = Notifications;
			sourceTree = "<group>";
		};
		D5A5B89927EA833300741D3F /* Toolbars */ = {
			isa = PBXGroup;
			children = (
				D51B6296270F692800DAC0C6 /* MarkdownEditorToolbar.swift */,
			);
			path = Toolbars;
			sourceTree = "<group>";
		};
		D5A5B89A27EA833800741D3F /* Sheets */ = {
			isa = PBXGroup;
			children = (
				D5A5B8A327EBF80400741D3F /* Save Template */,
				D5A5B8A427EBF80B00741D3F /* Insert Link */,
				D5A5B8A527EBF80F00741D3F /* Insert Image */,
			);
			path = Sheets;
			sourceTree = "<group>";
		};
		D5A5B8A327EBF80400741D3F /* Save Template */ = {
			isa = PBXGroup;
			children = (
				D5A5B89B27EA835300741D3F /* SaveTemplateSheet.swift */,
			);
			path = "Save Template";
			sourceTree = "<group>";
		};
		D5A5B8A427EBF80B00741D3F /* Insert Link */ = {
			isa = PBXGroup;
			children = (
				D5A5B89D27EA837E00741D3F /* InsertLinkSheet.swift */,
			);
			path = "Insert Link";
			sourceTree = "<group>";
		};
		D5A5B8A527EBF80F00741D3F /* Insert Image */ = {
			isa = PBXGroup;
			children = (
				D5A5B89F27EA838A00741D3F /* InsertImageSheet.swift */,
			);
			path = "Insert Image";
			sourceTree = "<group>";
		};
		D5AA1FF527ADE4C100DB2EE1 /* Markdown */ = {
			isa = PBXGroup;
			children = (
				D5CE033126F3F9B000CB86E5 /* MarkdownFormatter.swift */,
				D5CE033326F4314E00CB86E5 /* MarkdownEditorController.swift */,
				D56D04CC27BDCCBE001A21B7 /* MarkdownEditorDelegate.swift */,
			);
			path = Markdown;
			sourceTree = "<group>";
		};
		D5AA1FF827ADE52800DB2EE1 /* Documents */ = {
			isa = PBXGroup;
			children = (
				68871BA926B0B3750001421E /* ConscriptorDocument.swift */,
			);
			path = Documents;
			sourceTree = "<group>";
		};
		D5AA1FFB27ADE7AB00DB2EE1 /* Templates */ = {
			isa = PBXGroup;
			children = (
				D5D903DA278859AB00EC7B85 /* Template.swift */,
				D5AA1FFC27ADE7BC00DB2EE1 /* UserTemplate.xcdatamodeld */,
			);
			path = Templates;
			sourceTree = "<group>";
		};
		D5E3A3A727E30C81006942D6 /* Frameworks */ = {
			isa = PBXGroup;
			children = (
				D5E3A3A827E30C81006942D6 /* Quartz.framework */,
			);
			name = Frameworks;
			sourceTree = "<group>";
		};
		D5F0319E278813E6007A55C2 /* Editor */ = {
			isa = PBXGroup;
			children = (
				68871BAB26B0B3750001421E /* MarkdownEditorView.swift */,
				D5A5B89A27EA833800741D3F /* Sheets */,
				D5A5B89927EA833300741D3F /* Toolbars */,
			);
			path = Editor;
			sourceTree = "<group>";
		};
		D5F0319F278813EF007A55C2 /* Web */ = {
			isa = PBXGroup;
			children = (
				683D922626B0F48200E5EF82 /* WebView.swift */,
			);
			path = Web;
			sourceTree = "<group>";
		};
		D5F031A227881C0D007A55C2 /* Templates */ = {
			isa = PBXGroup;
			children = (
				D5F031A327881C2B007A55C2 /* OpenTemplateView.swift */,
				D5D903DE2789200300EC7B85 /* TemplateGridView.swift */,
				D5AA1FF927ADE54500DB2EE1 /* TemplateView.swift */,
			);
			path = Templates;
			sourceTree = "<group>";
		};
/* End PBXGroup section */

/* Begin PBXNativeTarget section */
		68871BA326B0B3750001421E /* Conscriptor */ = {
			isa = PBXNativeTarget;
			buildConfigurationList = 68871BCC26B0B3770001421E /* Build configuration list for PBXNativeTarget "Conscriptor" */;
			buildPhases = (
				68871BA026B0B3750001421E /* Sources */,
				68871BA126B0B3750001421E /* Frameworks */,
				68871BA226B0B3750001421E /* Resources */,
				D52D3C4927C0BE9C005D1305 /* SwiftLint */,
				D5E3A3B727E30C81006942D6 /* Embed App Extensions */,
			);
			buildRules = (
			);
			dependencies = (
			);
			name = Conscriptor;
			packageProductDependencies = (
				683D922926B107EB00E5EF82 /* Introspect */,
				D53C190926E0CF3100E7934B /* HighlightedTextEditor */,
				D585951D273FAA3C0017586F /* Ink */,
			);
			productName = Conscriptor;
			productReference = 68871BA426B0B3750001421E /* Conscriptor.app */;
			productType = "com.apple.product-type.application";
		};
/* End PBXNativeTarget section */

/* Begin PBXProject section */
		68871B9C26B0B3750001421E /* Project object */ = {
			isa = PBXProject;
			attributes = {
				LastSwiftUpdateCheck = 1330;
				LastUpgradeCheck = 1300;
				TargetAttributes = {
					68871BA326B0B3750001421E = {
						CreatedOnToolsVersion = 12.5.1;
					};
				};
			};
			buildConfigurationList = 68871B9F26B0B3750001421E /* Build configuration list for PBXProject "Conscriptor" */;
			compatibilityVersion = "Xcode 12.0";
			developmentRegion = en;
			hasScannedForEncodings = 0;
			knownRegions = (
				en,
				Base,
			);
			mainGroup = 68871B9B26B0B3750001421E;
			packageReferences = (
				683D922826B107EB00E5EF82 /* XCRemoteSwiftPackageReference "SwiftUI-Introspect" */,
				D53C190826E0CF3100E7934B /* XCRemoteSwiftPackageReference "HighlightedTextEditor" */,
				D585951C273FAA3C0017586F /* XCRemoteSwiftPackageReference "Ink" */,
			);
			productRefGroup = 68871BA526B0B3750001421E /* Products */;
			projectDirPath = "";
			projectRoot = "";
			targets = (
				68871BA326B0B3750001421E /* Conscriptor */,
			);
		};
/* End PBXProject section */

/* Begin PBXResourcesBuildPhase section */
		68871BA226B0B3750001421E /* Resources */ = {
			isa = PBXResourcesBuildPhase;
			buildActionMask = 2147483647;
			files = (
				D576840926E0A18700E2A12B /* github-light.css in Resources */,
				68871BB126B0B3770001421E /* Preview Assets.xcassets in Resources */,
				D5B3E0482705206600A912E2 /* github-dark.css in Resources */,
				684C9BF226C5D15B00D8CDC7 /* Credits.rtf in Resources */,
				68871BAE26B0B3770001421E /* Assets.xcassets in Resources */,
			);
			runOnlyForDeploymentPostprocessing = 0;
		};
/* End PBXResourcesBuildPhase section */

/* Begin PBXShellScriptBuildPhase section */
		D52D3C4927C0BE9C005D1305 /* SwiftLint */ = {
			isa = PBXShellScriptBuildPhase;
			buildActionMask = 2147483647;
			files = (
			);
			inputFileListPaths = (
			);
			inputPaths = (
			);
			name = SwiftLint;
			outputFileListPaths = (
			);
			outputPaths = (
			);
			runOnlyForDeploymentPostprocessing = 0;
			shellPath = /bin/sh;
			shellScript = "export PATH=\"$PATH:/opt/homebrew/bin\"\n\nif which swiftlint >/dev/null; then\n  swiftlint --fix && swiftlint\nelse\n  echo \"warning: SwiftLint not installed, download from https://github.com/realm/SwiftLint\"\nfi\n";
		};
/* End PBXShellScriptBuildPhase section */

/* Begin PBXSourcesBuildPhase section */
		68871BA026B0B3750001421E /* Sources */ = {
			isa = PBXSourcesBuildPhase;
			buildActionMask = 2147483647;
			files = (
				D56601FD26EB3F3D0071C6E3 /* StringSubscriptExtension.swift in Sources */,
				D576840D26E0ACCF00E2A12B /* IntrospectExtension.swift in Sources */,
				D5A5B8A027EA838A00741D3F /* InsertImageSheet.swift in Sources */,
				D5AA200027ADE80900DB2EE1 /* Persistence.swift in Sources */,
				D5D903DB278859AB00EC7B85 /* Template.swift in Sources */,
				D5F031A427881C2B007A55C2 /* OpenTemplateView.swift in Sources */,
				68871BA826B0B3750001421E /* ConscriptorApp.swift in Sources */,
				D5AA200227ADEA5300DB2EE1 /* OSLogExtension.swift in Sources */,
				683D922726B0F48200E5EF82 /* WebView.swift in Sources */,
				D56D04CD27BDCCBE001A21B7 /* MarkdownEditorDelegate.swift in Sources */,
				D5989BA626F45E5D00D9E496 /* NotificationName+MarkdownEditorView.swift in Sources */,
				D5AA200427ADF57100DB2EE1 /* NotificationName+Persistence.swift in Sources */,
				D5CE033426F4314E00CB86E5 /* MarkdownEditorController.swift in Sources */,
				D5AA1FFA27ADE54500DB2EE1 /* TemplateView.swift in Sources */,
				68871BAA26B0B3750001421E /* ConscriptorDocument.swift in Sources */,
				D5A5B89E27EA837E00741D3F /* InsertLinkSheet.swift in Sources */,
				D5158F2A27EC0D89008B7C92 /* ViewSnapshot.swift in Sources */,
				D5D903DF2789200300EC7B85 /* TemplateGridView.swift in Sources */,
				D51B6297270F692800DAC0C6 /* MarkdownEditorToolbar.swift in Sources */,
				D5A5B89C27EA835300741D3F /* SaveTemplateSheet.swift in Sources */,
				D5AA1FFE27ADE7BC00DB2EE1 /* UserTemplate.xcdatamodeld in Sources */,
				68871BAC26B0B3750001421E /* MarkdownEditorView.swift in Sources */,
				D5CE033226F3F9B000CB86E5 /* MarkdownFormatter.swift in Sources */,
				D5D6747726F1C3F000871617 /* CMarkdown.swift in Sources */,
			);
			runOnlyForDeploymentPostprocessing = 0;
		};
/* End PBXSourcesBuildPhase section */

/* Begin XCBuildConfiguration section */
		68871BCA26B0B3770001421E /* Debug */ = {
			isa = XCBuildConfiguration;
			buildSettings = {
				ALWAYS_SEARCH_USER_PATHS = NO;
				CLANG_ANALYZER_NONNULL = YES;
				CLANG_ANALYZER_NUMBER_OBJECT_CONVERSION = YES_AGGRESSIVE;
				CLANG_CXX_LANGUAGE_STANDARD = "gnu++14";
				CLANG_CXX_LIBRARY = "libc++";
				CLANG_ENABLE_MODULES = YES;
				CLANG_ENABLE_OBJC_ARC = YES;
				CLANG_ENABLE_OBJC_WEAK = YES;
				CLANG_WARN_BLOCK_CAPTURE_AUTORELEASING = YES;
				CLANG_WARN_BOOL_CONVERSION = YES;
				CLANG_WARN_COMMA = YES;
				CLANG_WARN_CONSTANT_CONVERSION = YES;
				CLANG_WARN_DEPRECATED_OBJC_IMPLEMENTATIONS = YES;
				CLANG_WARN_DIRECT_OBJC_ISA_USAGE = YES_ERROR;
				CLANG_WARN_DOCUMENTATION_COMMENTS = YES;
				CLANG_WARN_EMPTY_BODY = YES;
				CLANG_WARN_ENUM_CONVERSION = YES;
				CLANG_WARN_INFINITE_RECURSION = YES;
				CLANG_WARN_INT_CONVERSION = YES;
				CLANG_WARN_NON_LITERAL_NULL_CONVERSION = YES;
				CLANG_WARN_OBJC_IMPLICIT_RETAIN_SELF = YES;
				CLANG_WARN_OBJC_LITERAL_CONVERSION = YES;
				CLANG_WARN_OBJC_ROOT_CLASS = YES_ERROR;
				CLANG_WARN_QUOTED_INCLUDE_IN_FRAMEWORK_HEADER = YES;
				CLANG_WARN_RANGE_LOOP_ANALYSIS = YES;
				CLANG_WARN_STRICT_PROTOTYPES = YES;
				CLANG_WARN_SUSPICIOUS_MOVE = YES;
				CLANG_WARN_UNGUARDED_AVAILABILITY = YES_AGGRESSIVE;
				CLANG_WARN_UNREACHABLE_CODE = YES;
				CLANG_WARN__DUPLICATE_METHOD_MATCH = YES;
				COPY_PHASE_STRIP = NO;
				DEBUG_INFORMATION_FORMAT = dwarf;
				ENABLE_STRICT_OBJC_MSGSEND = YES;
				ENABLE_TESTABILITY = YES;
				GCC_C_LANGUAGE_STANDARD = gnu11;
				GCC_DYNAMIC_NO_PIC = NO;
				GCC_NO_COMMON_BLOCKS = YES;
				GCC_OPTIMIZATION_LEVEL = 0;
				GCC_PREPROCESSOR_DEFINITIONS = (
					"DEBUG=1",
					"$(inherited)",
				);
				GCC_WARN_64_TO_32_BIT_CONVERSION = YES;
				GCC_WARN_ABOUT_RETURN_TYPE = YES_ERROR;
				GCC_WARN_UNDECLARED_SELECTOR = YES;
				GCC_WARN_UNINITIALIZED_AUTOS = YES_AGGRESSIVE;
				GCC_WARN_UNUSED_FUNCTION = YES;
				GCC_WARN_UNUSED_VARIABLE = YES;
				MACOSX_DEPLOYMENT_TARGET = 12.0;
				MTL_ENABLE_DEBUG_INFO = INCLUDE_SOURCE;
				MTL_FAST_MATH = YES;
				ONLY_ACTIVE_ARCH = YES;
				SDKROOT = macosx;
				SWIFT_ACTIVE_COMPILATION_CONDITIONS = DEBUG;
				SWIFT_OPTIMIZATION_LEVEL = "-Onone";
			};
			name = Debug;
		};
		68871BCB26B0B3770001421E /* Release */ = {
			isa = XCBuildConfiguration;
			buildSettings = {
				ALWAYS_SEARCH_USER_PATHS = NO;
				CLANG_ANALYZER_NONNULL = YES;
				CLANG_ANALYZER_NUMBER_OBJECT_CONVERSION = YES_AGGRESSIVE;
				CLANG_CXX_LANGUAGE_STANDARD = "gnu++14";
				CLANG_CXX_LIBRARY = "libc++";
				CLANG_ENABLE_MODULES = YES;
				CLANG_ENABLE_OBJC_ARC = YES;
				CLANG_ENABLE_OBJC_WEAK = YES;
				CLANG_WARN_BLOCK_CAPTURE_AUTORELEASING = YES;
				CLANG_WARN_BOOL_CONVERSION = YES;
				CLANG_WARN_COMMA = YES;
				CLANG_WARN_CONSTANT_CONVERSION = YES;
				CLANG_WARN_DEPRECATED_OBJC_IMPLEMENTATIONS = YES;
				CLANG_WARN_DIRECT_OBJC_ISA_USAGE = YES_ERROR;
				CLANG_WARN_DOCUMENTATION_COMMENTS = YES;
				CLANG_WARN_EMPTY_BODY = YES;
				CLANG_WARN_ENUM_CONVERSION = YES;
				CLANG_WARN_INFINITE_RECURSION = YES;
				CLANG_WARN_INT_CONVERSION = YES;
				CLANG_WARN_NON_LITERAL_NULL_CONVERSION = YES;
				CLANG_WARN_OBJC_IMPLICIT_RETAIN_SELF = YES;
				CLANG_WARN_OBJC_LITERAL_CONVERSION = YES;
				CLANG_WARN_OBJC_ROOT_CLASS = YES_ERROR;
				CLANG_WARN_QUOTED_INCLUDE_IN_FRAMEWORK_HEADER = YES;
				CLANG_WARN_RANGE_LOOP_ANALYSIS = YES;
				CLANG_WARN_STRICT_PROTOTYPES = YES;
				CLANG_WARN_SUSPICIOUS_MOVE = YES;
				CLANG_WARN_UNGUARDED_AVAILABILITY = YES_AGGRESSIVE;
				CLANG_WARN_UNREACHABLE_CODE = YES;
				CLANG_WARN__DUPLICATE_METHOD_MATCH = YES;
				COPY_PHASE_STRIP = NO;
				DEBUG_INFORMATION_FORMAT = "dwarf-with-dsym";
				ENABLE_NS_ASSERTIONS = NO;
				ENABLE_STRICT_OBJC_MSGSEND = YES;
				GCC_C_LANGUAGE_STANDARD = gnu11;
				GCC_NO_COMMON_BLOCKS = YES;
				GCC_WARN_64_TO_32_BIT_CONVERSION = YES;
				GCC_WARN_ABOUT_RETURN_TYPE = YES_ERROR;
				GCC_WARN_UNDECLARED_SELECTOR = YES;
				GCC_WARN_UNINITIALIZED_AUTOS = YES_AGGRESSIVE;
				GCC_WARN_UNUSED_FUNCTION = YES;
				GCC_WARN_UNUSED_VARIABLE = YES;
				MACOSX_DEPLOYMENT_TARGET = 12.0;
				MTL_ENABLE_DEBUG_INFO = NO;
				MTL_FAST_MATH = YES;
				SDKROOT = macosx;
				SWIFT_COMPILATION_MODE = wholemodule;
				SWIFT_OPTIMIZATION_LEVEL = "-O";
			};
			name = Release;
		};
		68871BCD26B0B3770001421E /* Debug */ = {
			isa = XCBuildConfiguration;
			buildSettings = {
				ALWAYS_EMBED_SWIFT_STANDARD_LIBRARIES = YES;
				ASSETCATALOG_COMPILER_APPICON_NAME = AppIcon;
				ASSETCATALOG_COMPILER_GLOBAL_ACCENT_COLOR_NAME = AccentColor;
				CODE_SIGN_ENTITLEMENTS = Conscriptor/Conscriptor.entitlements;
				CODE_SIGN_IDENTITY = "Apple Development";
				CODE_SIGN_STYLE = Automatic;
				COMBINE_HIDPI_IMAGES = YES;
				CURRENT_PROJECT_VERSION = 1;
				DEVELOPMENT_ASSET_PATHS = "\"Conscriptor/Preview Content\"";
				DEVELOPMENT_TEAM = J97PER9B8T;
				ENABLE_HARDENED_RUNTIME = YES;
				ENABLE_PREVIEWS = YES;
				INFOPLIST_FILE = Conscriptor/Info.plist;
				LD_RUNPATH_SEARCH_PATHS = (
					"$(inherited)",
					"@executable_path/../Frameworks",
				);
				MACOSX_DEPLOYMENT_TARGET = 12.0;
				MARKETING_VERSION = 0.5;
				PRODUCT_BUNDLE_IDENTIFIER = com.davidbarsam.Conscriptor;
				PRODUCT_NAME = "$(TARGET_NAME)";
				SWIFT_VERSION = 5.0;
			};
			name = Debug;
		};
		68871BCE26B0B3770001421E /* Release */ = {
			isa = XCBuildConfiguration;
			buildSettings = {
				ALWAYS_EMBED_SWIFT_STANDARD_LIBRARIES = YES;
				ASSETCATALOG_COMPILER_APPICON_NAME = AppIcon;
				ASSETCATALOG_COMPILER_GLOBAL_ACCENT_COLOR_NAME = AccentColor;
				CODE_SIGN_ENTITLEMENTS = Conscriptor/Conscriptor.entitlements;
				CODE_SIGN_IDENTITY = "Apple Development";
				CODE_SIGN_STYLE = Automatic;
				COMBINE_HIDPI_IMAGES = YES;
				CURRENT_PROJECT_VERSION = 1;
				DEVELOPMENT_ASSET_PATHS = "\"Conscriptor/Preview Content\"";
				DEVELOPMENT_TEAM = J97PER9B8T;
				ENABLE_HARDENED_RUNTIME = YES;
				ENABLE_PREVIEWS = YES;
				INFOPLIST_FILE = Conscriptor/Info.plist;
				LD_RUNPATH_SEARCH_PATHS = (
					"$(inherited)",
					"@executable_path/../Frameworks",
				);
				MACOSX_DEPLOYMENT_TARGET = 12.0;
				MARKETING_VERSION = 0.5;
				PRODUCT_BUNDLE_IDENTIFIER = com.davidbarsam.Conscriptor;
				PRODUCT_NAME = "$(TARGET_NAME)";
				SWIFT_VERSION = 5.0;
			};
			name = Release;
		};
/* End XCBuildConfiguration section */

/* Begin XCConfigurationList section */
		68871B9F26B0B3750001421E /* Build configuration list for PBXProject "Conscriptor" */ = {
			isa = XCConfigurationList;
			buildConfigurations = (
				68871BCA26B0B3770001421E /* Debug */,
				68871BCB26B0B3770001421E /* Release */,
			);
			defaultConfigurationIsVisible = 0;
			defaultConfigurationName = Release;
		};
		68871BCC26B0B3770001421E /* Build configuration list for PBXNativeTarget "Conscriptor" */ = {
			isa = XCConfigurationList;
			buildConfigurations = (
				68871BCD26B0B3770001421E /* Debug */,
				68871BCE26B0B3770001421E /* Release */,
			);
			defaultConfigurationIsVisible = 0;
			defaultConfigurationName = Release;
		};
/* End XCConfigurationList section */

/* Begin XCRemoteSwiftPackageReference section */
		683D922826B107EB00E5EF82 /* XCRemoteSwiftPackageReference "SwiftUI-Introspect" */ = {
			isa = XCRemoteSwiftPackageReference;
			repositoryURL = "https://github.com/siteline/SwiftUI-Introspect";
			requirement = {
				kind = upToNextMajorVersion;
				minimumVersion = 0.1.3;
			};
		};
		D53C190826E0CF3100E7934B /* XCRemoteSwiftPackageReference "HighlightedTextEditor" */ = {
			isa = XCRemoteSwiftPackageReference;
			repositoryURL = "https://github.com/kyle-n/HighlightedTextEditor";
			requirement = {
				kind = upToNextMajorVersion;
				minimumVersion = 2.0.0;
			};
		};
		D585951C273FAA3C0017586F /* XCRemoteSwiftPackageReference "Ink" */ = {
			isa = XCRemoteSwiftPackageReference;
			repositoryURL = "https://github.com/JohnSundell/Ink";
			requirement = {
				kind = upToNextMajorVersion;
				minimumVersion = 0.5.1;
			};
		};
/* End XCRemoteSwiftPackageReference section */

/* Begin XCSwiftPackageProductDependency section */
		683D922926B107EB00E5EF82 /* Introspect */ = {
			isa = XCSwiftPackageProductDependency;
			package = 683D922826B107EB00E5EF82 /* XCRemoteSwiftPackageReference "SwiftUI-Introspect" */;
			productName = Introspect;
		};
		D53C190926E0CF3100E7934B /* HighlightedTextEditor */ = {
			isa = XCSwiftPackageProductDependency;
			package = D53C190826E0CF3100E7934B /* XCRemoteSwiftPackageReference "HighlightedTextEditor" */;
			productName = HighlightedTextEditor;
		};
		D585951D273FAA3C0017586F /* Ink */ = {
			isa = XCSwiftPackageProductDependency;
			package = D585951C273FAA3C0017586F /* XCRemoteSwiftPackageReference "Ink" */;
			productName = Ink;
		};
/* End XCSwiftPackageProductDependency section */

/* Begin XCVersionGroup section */
		D5AA1FFC27ADE7BC00DB2EE1 /* UserTemplate.xcdatamodeld */ = {
			isa = XCVersionGroup;
			children = (
				D5AA1FFD27ADE7BC00DB2EE1 /* UserTemplate.xcdatamodel */,
			);
			currentVersion = D5AA1FFD27ADE7BC00DB2EE1 /* UserTemplate.xcdatamodel */;
			path = UserTemplate.xcdatamodeld;
			sourceTree = "<group>";
			versionGroupType = wrapper.xcdatamodel;
		};
/* End XCVersionGroup section */
	};
	rootObject = 68871B9C26B0B3750001421E /* Project object */;
}
